
Microsoft Visual Studio Solution File, Format Version 12.00
# Visual Studio Version 16
VisualStudioVersion = 16.0.31321.278
MinimumVisualStudioVersion = 10.0.40219.1
Project("{FAE04EC0-301F-11D3-BF4B-00C04F79EFBC}") = "NVX System", "NVX System.csproj", "{5FA79BAF-7B84-436C-ADBA-F7F6CCFBA30F}"
EndProject
Global
	GlobalSection(SolutionConfigurationPlatforms) = preSolution
		Debug|Any CPU = Debug|Any CPU
		Release|Any CPU = Release|Any CPU
	EndGlobalSection
	GlobalSection(ProjectConfigurationPlatforms) = postSolution
		{5FA79BAF-7B84-436C-ADBA-F7F6CCFBA30F}.Debug|Any CPU.ActiveCfg = Debug|Any CPU
		{5FA79BAF-7B84-436C-ADBA-F7F6CCFBA30F}.Debug|Any CPU.Build.0 = Debug|Any CPU
		{5FA79BAF-7B84-436C-ADBA-F7F6CCFBA30F}.Release|Any CPU.ActiveCfg = Release|Any CPU
		{5FA79BAF-7B84-436C-ADBA-F7F6CCFBA30F}.Release|Any CPU.Build.0 = Release|Any CPU
	EndGlobalSection
	GlobalSection(SolutionProperties) = preSolution
		HideSolutionNode = FALSE
	EndGlobalSection
	GlobalSection(ExtensibilityGlobals) = postSolution
		SolutionGuid = {BC5803CC-9E75-4C37-8C7C-EAB331B629D7}
	EndGlobalSection
EndGlobal
